
Microsoft Visual Studio Solution File, Format Version 12.00
# Visual Studio Version 16
VisualStudioVersion = 16.0.30225.117
MinimumVisualStudioVersion = 10.0.40219.1
Project("{9A19103F-16F7-4668-BE54-9A1E7A4F7556}") = "ProductDataImport", "ProductDataImport\ProductDataImport.csproj", "{CA9949E6-CE4E-4315-BF59-2C6927AAA618}"
EndProject
Project("{9A19103F-16F7-4668-BE54-9A1E7A4F7556}") = "ProductBusinessLayer", "ProductBusinessLayer\ProductBusinessLayer.csproj", "{1ED735B2-1E88-4630-8E92-83151F0B6355}"
EndProject
Project("{9A19103F-16F7-4668-BE54-9A1E7A4F7556}") = "ProductDataLayer", "PropductImport.Data\ProductDataLayer.csproj", "{CE0A374E-4AC2-45E2-8390-FC3F77D91B79}"
EndProject
Project("{9A19103F-16F7-4668-BE54-9A1E7A4F7556}") = "ProductDataImportLab", "ProductDataImportLab\ProductDataImportLab.csproj", "{B781740E-0666-4582-AB77-BD3069AFAFF2}"
EndProject
Global
	GlobalSection(SolutionConfigurationPlatforms) = preSolution
		Debug|Any CPU = Debug|Any CPU
		Release|Any CPU = Release|Any CPU
	EndGlobalSection
	GlobalSection(ProjectConfigurationPlatforms) = postSolution
		{CA9949E6-CE4E-4315-BF59-2C6927AAA618}.Debug|Any CPU.ActiveCfg = Debug|Any CPU
		{CA9949E6-CE4E-4315-BF59-2C6927AAA618}.Debug|Any CPU.Build.0 = Debug|Any CPU
		{CA9949E6-CE4E-4315-BF59-2C6927AAA618}.Release|Any CPU.ActiveCfg = Release|Any CPU
		{CA9949E6-CE4E-4315-BF59-2C6927AAA618}.Release|Any CPU.Build.0 = Release|Any CPU
		{1ED735B2-1E88-4630-8E92-83151F0B6355}.Debug|Any CPU.ActiveCfg = Debug|Any CPU
		{1ED735B2-1E88-4630-8E92-83151F0B6355}.Debug|Any CPU.Build.0 = Debug|Any CPU
		{1ED735B2-1E88-4630-8E92-83151F0B6355}.Release|Any CPU.ActiveCfg = Release|Any CPU
		{1ED735B2-1E88-4630-8E92-83151F0B6355}.Release|Any CPU.Build.0 = Release|Any CPU
		{CE0A374E-4AC2-45E2-8390-FC3F77D91B79}.Debug|Any CPU.ActiveCfg = Debug|Any CPU
		{CE0A374E-4AC2-45E2-8390-FC3F77D91B79}.Debug|Any CPU.Build.0 = Debug|Any CPU
		{CE0A374E-4AC2-45E2-8390-FC3F77D91B79}.Release|Any CPU.ActiveCfg = Release|Any CPU
		{CE0A374E-4AC2-45E2-8390-FC3F77D91B79}.Release|Any CPU.Build.0 = Release|Any CPU
		{B781740E-0666-4582-AB77-BD3069AFAFF2}.Debug|Any CPU.ActiveCfg = Debug|Any CPU
		{B781740E-0666-4582-AB77-BD3069AFAFF2}.Debug|Any CPU.Build.0 = Debug|Any CPU
		{B781740E-0666-4582-AB77-BD3069AFAFF2}.Release|Any CPU.ActiveCfg = Release|Any CPU
		{B781740E-0666-4582-AB77-BD3069AFAFF2}.Release|Any CPU.Build.0 = Release|Any CPU
	EndGlobalSection
	GlobalSection(SolutionProperties) = preSolution
		HideSolutionNode = FALSE
	EndGlobalSection
	GlobalSection(ExtensibilityGlobals) = postSolution
		SolutionGuid = {B8985617-3E71-46D1-84DD-9DF5F1CECB4C}
	EndGlobalSection
EndGlobal
